// !$*UTF8*$!
{
	archiveVersion = 1;
	classes = {
	};
	objectVersion = 46;
	objects = {

/* Begin PBXBuildFile section */
		8F0ACA841CE06F9700CE858B /* q.png in Resources */ = {isa = PBXBuildFile; fileRef = 8F0ACA831CE06F9700CE858B /* q.png */; };
		8F620AD31CDCA86900D28A94 /* main.m in Sources */ = {isa = PBXBuildFile; fileRef = 8F620AD21CDCA86900D28A94 /* main.m */; };
		8F620AD61CDCA86900D28A94 /* AppDelegate.m in Sources */ = {isa = PBXBuildFile; fileRef = 8F620AD51CDCA86900D28A94 /* AppDelegate.m */; };
		8F620ADE1CDCA86900D28A94 /* Assets.xcassets in Resources */ = {isa = PBXBuildFile; fileRef = 8F620ADD1CDCA86900D28A94 /* Assets.xcassets */; };
		8F620AEC1CDCA86A00D28A94 /* ZWTopSelectVcViewTests.m in Sources */ = {isa = PBXBuildFile; fileRef = 8F620AEB1CDCA86A00D28A94 /* ZWTopSelectVcViewTests.m */; };
		8F620AF71CDCA86A00D28A94 /* ZWTopSelectVcViewUITests.m in Sources */ = {isa = PBXBuildFile; fileRef = 8F620AF61CDCA86A00D28A94 /* ZWTopSelectVcViewUITests.m */; };
		8F620B051CDCA88600D28A94 /* navback@2x.png in Resources */ = {isa = PBXBuildFile; fileRef = 8F620B041CDCA88600D28A94 /* navback@2x.png */; };
		8F620B111CDCA8B100D28A94 /* FristNavigationController.m in Sources */ = {isa = PBXBuildFile; fileRef = 8F620B071CDCA8B100D28A94 /* FristNavigationController.m */; };
		8F620B121CDCA8B100D28A94 /* OneTableViewController.m in Sources */ = {isa = PBXBuildFile; fileRef = 8F620B0A1CDCA8B100D28A94 /* OneTableViewController.m */; };
		8F620B131CDCA8B100D28A94 /* ThreeTableViewController.m in Sources */ = {isa = PBXBuildFile; fileRef = 8F620B0C1CDCA8B100D28A94 /* ThreeTableViewController.m */; };
		8F620B141CDCA8B100D28A94 /* TwoTableViewController.m in Sources */ = {isa = PBXBuildFile; fileRef = 8F620B0E1CDCA8B100D28A94 /* TwoTableViewController.m */; };
		8F620B151CDCA8B100D28A94 /* FourViewController.m in Sources */ = {isa = PBXBuildFile; fileRef = 8F620B101CDCA8B100D28A94 /* FourViewController.m */; };
		8F620B1B1CDCA8F700D28A94 /* ZWTopSelectButton.m in Sources */ = {isa = PBXBuildFile; fileRef = 8F620B181CDCA8F700D28A94 /* ZWTopSelectButton.m */; };
		8F620B1C1CDCA8F700D28A94 /* ZWTopSelectVcView.m in Sources */ = {isa = PBXBuildFile; fileRef = 8F620B1A1CDCA8F700D28A94 /* ZWTopSelectVcView.m */; };
		8F620B201CDCA92F00D28A94 /* ExampleViewController.m in Sources */ = {isa = PBXBuildFile; fileRef = 8F620B1F1CDCA92F00D28A94 /* ExampleViewController.m */; };
/* End PBXBuildFile section */

/* Begin PBXContainerItemProxy section */
		8F620AE81CDCA86A00D28A94 /* PBXContainerItemProxy */ = {
			isa = PBXContainerItemProxy;
			containerPortal = 8F620AC61CDCA86900D28A94 /* Project object */;
			proxyType = 1;
			remoteGlobalIDString = 8F620ACD1CDCA86900D28A94;
			remoteInfo = ZWTopSelectVcView;
		};
		8F620AF31CDCA86A00D28A94 /* PBXContainerItemProxy */ = {
			isa = PBXContainerItemProxy;
			containerPortal = 8F620AC61CDCA86900D28A94 /* Project object */;
			proxyType = 1;
			remoteGlobalIDString = 8F620ACD1CDCA86900D28A94;
			remoteInfo = ZWTopSelectVcView;
		};
/* End PBXContainerItemProxy section */

/* Begin PBXFileReference section */
		8F0ACA831CE06F9700CE858B /* q.png */ = {isa = PBXFileReference; lastKnownFileType = image.png; path = q.png; sourceTree = "<group>"; };
		8F620ACE1CDCA86900D28A94 /* ZWTopSelectVcView.app */ = {isa = PBXFileReference; explicitFileType = wrapper.application; includeInIndex = 0; path = ZWTopSelectVcView.app; sourceTree = BUILT_PRODUCTS_DIR; };
		8F620AD21CDCA86900D28A94 /* main.m */ = {isa = PBXFileReference; lastKnownFileType = sourcecode.c.objc; path = main.m; sourceTree = "<group>"; };
		8F620AD41CDCA86900D28A94 /* AppDelegate.h */ = {isa = PBXFileReference; lastKnownFileType = sourcecode.c.h; path = AppDelegate.h; sourceTree = "<group>"; };
		8F620AD51CDCA86900D28A94 /* AppDelegate.m */ = {isa = PBXFileReference; lastKnownFileType = sourcecode.c.objc; path = AppDelegate.m; sourceTree = "<group>"; };
		8F620ADD1CDCA86900D28A94 /* Assets.xcassets */ = {isa = PBXFileReference; lastKnownFileType = folder.assetcatalog; path = Assets.xcassets; sourceTree = "<group>"; };
		8F620AE21CDCA86900D28A94 /* Info.plist */ = {isa = PBXFileReference; lastKnownFileType = text.plist.xml; path = Info.plist; sourceTree = "<group>"; };
		8F620AE71CDCA86A00D28A94 /* ZWTopSelectVcViewTests.xctest */ = {isa = PBXFileReference; explicitFileType = wrapper.cfbundle; includeInIndex = 0; path = ZWTopSelectVcViewTests.xctest; sourceTree = BUILT_PRODUCTS_DIR; };
		8F620AEB1CDCA86A00D28A94 /* ZWTopSelectVcViewTests.m */ = {isa = PBXFileReference; lastKnownFileType = sourcecode.c.objc; path = ZWTopSelectVcViewTests.m; sourceTree = "<group>"; };
		8F620AED1CDCA86A00D28A94 /* Info.plist */ = {isa = PBXFileReference; lastKnownFileType = text.plist.xml; path = Info.plist; sourceTree = "<group>"; };
		8F620AF21CDCA86A00D28A94 /* ZWTopSelectVcViewUITests.xctest */ = {isa = PBXFileReference; explicitFileType = wrapper.cfbundle; includeInIndex = 0; path = ZWTopSelectVcViewUITests.xctest; sourceTree = BUILT_PRODUCTS_DIR; };
		8F620AF61CDCA86A00D28A94 /* ZWTopSelectVcViewUITests.m */ = {isa = PBXFileReference; lastKnownFileType = sourcecode.c.objc; path = ZWTopSelectVcViewUITests.m; sourceTree = "<group>"; };
		8F620AF81CDCA86A00D28A94 /* Info.plist */ = {isa = PBXFileReference; lastKnownFileType = text.plist.xml; path = Info.plist; sourceTree = "<group>"; };
		8F620B041CDCA88600D28A94 /* navback@2x.png */ = {isa = PBXFileReference; lastKnownFileType = image.png; path = "navback@2x.png"; sourceTree = "<group>"; };
		8F620B071CDCA8B100D28A94 /* FristNavigationController.m */ = {isa = PBXFileReference; fileEncoding = 4; lastKnownFileType = sourcecode.c.objc; path = FristNavigationController.m; sourceTree = "<group>"; };
		8F620B081CDCA8B100D28A94 /* FristNavigationController.h */ = {isa = PBXFileReference; fileEncoding = 4; lastKnownFileType = sourcecode.c.h; path = FristNavigationController.h; sourceTree = "<group>"; };
		8F620B091CDCA8B100D28A94 /* OneTableViewController.h */ = {isa = PBXFileReference; fileEncoding = 4; lastKnownFileType = sourcecode.c.h; path = OneTableViewController.h; sourceTree = "<group>"; };
		8F620B0A1CDCA8B100D28A94 /* OneTableViewController.m */ = {isa = PBXFileReference; fileEncoding = 4; lastKnownFileType = sourcecode.c.objc; path = OneTableViewController.m; sourceTree = "<group>"; };
		8F620B0B1CDCA8B100D28A94 /* ThreeTableViewController.h */ = {isa = PBXFileReference; fileEncoding = 4; lastKnownFileType = sourcecode.c.h; path = ThreeTableViewController.h; sourceTree = "<group>"; };
		8F620B0C1CDCA8B100D28A94 /* ThreeTableViewController.m */ = {isa = PBXFileReference; fileEncoding = 4; lastKnownFileType = sourcecode.c.objc; path = ThreeTableViewController.m; sourceTree = "<group>"; };
		8F620B0D1CDCA8B100D28A94 /* TwoTableViewController.h */ = {isa = PBXFileReference; fileEncoding = 4; lastKnownFileType = sourcecode.c.h; path = TwoTableViewController.h; sourceTree = "<group>"; };
		8F620B0E1CDCA8B100D28A94 /* TwoTableViewController.m */ = {isa = PBXFileReference; fileEncoding = 4; lastKnownFileType = sourcecode.c.objc; path = TwoTableViewController.m; sourceTree = "<group>"; };
		8F620B0F1CDCA8B100D28A94 /* FourViewController.h */ = {isa = PBXFileReference; fileEncoding = 4; lastKnownFileType = sourcecode.c.h; path = FourViewController.h; sourceTree = "<group>"; };
		8F620B101CDCA8B100D28A94 /* FourViewController.m */ = {isa = PBXFileReference; fileEncoding = 4; lastKnownFileType = sourcecode.c.objc; path = FourViewController.m; sourceTree = "<group>"; };
		8F620B171CDCA8F700D28A94 /* ZWTopSelectButton.h */ = {isa = PBXFileReference; fileEncoding = 4; lastKnownFileType = sourcecode.c.h; path = ZWTopSelectButton.h; sourceTree = "<group>"; };
		8F620B181CDCA8F700D28A94 /* ZWTopSelectButton.m */ = {isa = PBXFileReference; fileEncoding = 4; lastKnownFileType = sourcecode.c.objc; path = ZWTopSelectButton.m; sourceTree = "<group>"; };
		8F620B191CDCA8F700D28A94 /* ZWTopSelectVcView.h */ = {isa = PBXFileReference; fileEncoding = 4; lastKnownFileType = sourcecode.c.h; path = ZWTopSelectVcView.h; sourceTree = "<group>"; };
		8F620B1A1CDCA8F700D28A94 /* ZWTopSelectVcView.m */ = {isa = PBXFileReference; fileEncoding = 4; lastKnownFileType = sourcecode.c.objc; path = ZWTopSelectVcView.m; sourceTree = "<group>"; };
		8F620B1E1CDCA92F00D28A94 /* ExampleViewController.h */ = {isa = PBXFileReference; fileEncoding = 4; lastKnownFileType = sourcecode.c.h; path = ExampleViewController.h; sourceTree = "<group>"; };
		8F620B1F1CDCA92F00D28A94 /* ExampleViewController.m */ = {isa = PBXFileReference; fileEncoding = 4; lastKnownFileType = sourcecode.c.objc; path = ExampleViewController.m; sourceTree = "<group>"; };
/* End PBXFileReference section */

/* Begin PBXFrameworksBuildPhase section */
		8F620ACB1CDCA86900D28A94 /* Frameworks */ = {
			isa = PBXFrameworksBuildPhase;
			buildActionMask = 2147483647;
			files = (
			);
			runOnlyForDeploymentPostprocessing = 0;
		};
		8F620AE41CDCA86A00D28A94 /* Frameworks */ = {
			isa = PBXFrameworksBuildPhase;
			buildActionMask = 2147483647;
			files = (
			);
			runOnlyForDeploymentPostprocessing = 0;
		};
		8F620AEF1CDCA86A00D28A94 /* Frameworks */ = {
			isa = PBXFrameworksBuildPhase;
			buildActionMask = 2147483647;
			files = (
			);
			runOnlyForDeploymentPostprocessing = 0;
		};
/* End PBXFrameworksBuildPhase section */

/* Begin PBXGroup section */
		8F620AC51CDCA86900D28A94 = {
			isa = PBXGroup;
			children = (
				8F620AD01CDCA86900D28A94 /* ZWTopSelectVcView */,
				8F620AEA1CDCA86A00D28A94 /* ZWTopSelectVcViewTests */,
				8F620AF51CDCA86A00D28A94 /* ZWTopSelectVcViewUITests */,
				8F620ACF1CDCA86900D28A94 /* Products */,
			);
			sourceTree = "<group>";
		};
		8F620ACF1CDCA86900D28A94 /* Products */ = {
			isa = PBXGroup;
			children = (
				8F620ACE1CDCA86900D28A94 /* ZWTopSelectVcView.app */,
				8F620AE71CDCA86A00D28A94 /* ZWTopSelectVcViewTests.xctest */,
				8F620AF21CDCA86A00D28A94 /* ZWTopSelectVcViewUITests.xctest */,
			);
			name = Products;
			sourceTree = "<group>";
		};
		8F620AD01CDCA86900D28A94 /* ZWTopSelectVcView */ = {
			isa = PBXGroup;
			children = (
				8F620B1D1CDCA90600D28A94 /* Example */,
				8F620B061CDCA89D00D28A94 /* Others */,
				8F620AD11CDCA86900D28A94 /* Supporting Files */,
			);
			path = ZWTopSelectVcView;
			sourceTree = "<group>";
		};
		8F620AD11CDCA86900D28A94 /* Supporting Files */ = {
			isa = PBXGroup;
			children = (
				8F0ACA831CE06F9700CE858B /* q.png */,
				8F620ADD1CDCA86900D28A94 /* Assets.xcassets */,
				8F620B041CDCA88600D28A94 /* navback@2x.png */,
				8F620AD21CDCA86900D28A94 /* main.m */,
				8F620AE21CDCA86900D28A94 /* Info.plist */,
			);
			name = "Supporting Files";
			sourceTree = "<group>";
		};
		8F620AEA1CDCA86A00D28A94 /* ZWTopSelectVcViewTests */ = {
			isa = PBXGroup;
			children = (
				8F620AEB1CDCA86A00D28A94 /* ZWTopSelectVcViewTests.m */,
				8F620AED1CDCA86A00D28A94 /* Info.plist */,
			);
			path = ZWTopSelectVcViewTests;
			sourceTree = "<group>";
		};
		8F620AF51CDCA86A00D28A94 /* ZWTopSelectVcViewUITests */ = {
			isa = PBXGroup;
			children = (
				8F620AF61CDCA86A00D28A94 /* ZWTopSelectVcViewUITests.m */,
				8F620AF81CDCA86A00D28A94 /* Info.plist */,
			);
			path = ZWTopSelectVcViewUITests;
			sourceTree = "<group>";
		};
		8F620B061CDCA89D00D28A94 /* Others */ = {
			isa = PBXGroup;
			children = (
				8F620AD41CDCA86900D28A94 /* AppDelegate.h */,
				8F620AD51CDCA86900D28A94 /* AppDelegate.m */,
				8F620B071CDCA8B100D28A94 /* FristNavigationController.m */,
				8F620B081CDCA8B100D28A94 /* FristNavigationController.h */,
				8F620B091CDCA8B100D28A94 /* OneTableViewController.h */,
				8F620B0A1CDCA8B100D28A94 /* OneTableViewController.m */,
				8F620B0B1CDCA8B100D28A94 /* ThreeTableViewController.h */,
				8F620B0C1CDCA8B100D28A94 /* ThreeTableViewController.m */,
				8F620B0D1CDCA8B100D28A94 /* TwoTableViewController.h */,
				8F620B0E1CDCA8B100D28A94 /* TwoTableViewController.m */,
				8F620B0F1CDCA8B100D28A94 /* FourViewController.h */,
				8F620B101CDCA8B100D28A94 /* FourViewController.m */,
			);
			name = Others;
			sourceTree = "<group>";
		};
		8F620B161CDCA8DD00D28A94 /* ZWTopSelectVcView */ = {
			isa = PBXGroup;
			children = (
				8F620B171CDCA8F700D28A94 /* ZWTopSelectButton.h */,
				8F620B181CDCA8F700D28A94 /* ZWTopSelectButton.m */,
				8F620B191CDCA8F700D28A94 /* ZWTopSelectVcView.h */,
				8F620B1A1CDCA8F700D28A94 /* ZWTopSelectVcView.m */,
			);
			name = ZWTopSelectVcView;
			sourceTree = "<group>";
		};
		8F620B1D1CDCA90600D28A94 /* Example */ = {
			isa = PBXGroup;
			children = (
				8F620B1E1CDCA92F00D28A94 /* ExampleViewController.h */,
				8F620B1F1CDCA92F00D28A94 /* ExampleViewController.m */,
				8F620B161CDCA8DD00D28A94 /* ZWTopSelectVcView */,
			);
			name = Example;
			sourceTree = "<group>";
		};
/* End PBXGroup section */

/* Begin PBXNativeTarget section */
		8F620ACD1CDCA86900D28A94 /* ZWTopSelectVcView */ = {
			isa = PBXNativeTarget;
			buildConfigurationList = 8F620AFB1CDCA86A00D28A94 /* Build configuration list for PBXNativeTarget "ZWTopSelectVcView" */;
			buildPhases = (
				8F620ACA1CDCA86900D28A94 /* Sources */,
				8F620ACB1CDCA86900D28A94 /* Frameworks */,
				8F620ACC1CDCA86900D28A94 /* Resources */,
			);
			buildRules = (
			);
			dependencies = (
			);
			name = ZWTopSelectVcView;
			productName = ZWTopSelectVcView;
			productReference = 8F620ACE1CDCA86900D28A94 /* ZWTopSelectVcView.app */;
			productType = "com.apple.product-type.application";
		};
		8F620AE61CDCA86A00D28A94 /* ZWTopSelectVcViewTests */ = {
			isa = PBXNativeTarget;
			buildConfigurationList = 8F620AFE1CDCA86A00D28A94 /* Build configuration list for PBXNativeTarget "ZWTopSelectVcViewTests" */;
			buildPhases = (
				8F620AE31CDCA86A00D28A94 /* Sources */,
				8F620AE41CDCA86A00D28A94 /* Frameworks */,
				8F620AE51CDCA86A00D28A94 /* Resources */,
			);
			buildRules = (
			);
			dependencies = (
				8F620AE91CDCA86A00D28A94 /* PBXTargetDependency */,
			);
			name = ZWTopSelectVcViewTests;
			productName = ZWTopSelectVcViewTests;
			productReference = 8F620AE71CDCA86A00D28A94 /* ZWTopSelectVcViewTests.xctest */;
			productType = "com.apple.product-type.bundle.unit-test";
		};
		8F620AF11CDCA86A00D28A94 /* ZWTopSelectVcViewUITests */ = {
			isa = PBXNativeTarget;
			buildConfigurationList = 8F620B011CDCA86A00D28A94 /* Build configuration list for PBXNativeTarget "ZWTopSelectVcViewUITests" */;
			buildPhases = (
				8F620AEE1CDCA86A00D28A94 /* Sources */,
				8F620AEF1CDCA86A00D28A94 /* Frameworks */,
				8F620AF01CDCA86A00D28A94 /* Resources */,
			);
			buildRules = (
			);
			dependencies = (
				8F620AF41CDCA86A00D28A94 /* PBXTargetDependency */,
			);
			name = ZWTopSelectVcViewUITests;
			productName = ZWTopSelectVcViewUITests;
			productReference = 8F620AF21CDCA86A00D28A94 /* ZWTopSelectVcViewUITests.xctest */;
			productType = "com.apple.product-type.bundle.ui-testing";
		};
/* End PBXNativeTarget section */

/* Begin PBXProject section */
		8F620AC61CDCA86900D28A94 /* Project object */ = {
			isa = PBXProject;
			attributes = {
				LastUpgradeCheck = 0730;
				ORGANIZATIONNAME = "流年划过颜夕";
				TargetAttributes = {
					8F620ACD1CDCA86900D28A94 = {
						CreatedOnToolsVersion = 7.3.1;
						DevelopmentTeam = 9KBNV59EQ4;
					};
					8F620AE61CDCA86A00D28A94 = {
						CreatedOnToolsVersion = 7.3.1;
						DevelopmentTeam = 9KBNV59EQ4;
						TestTargetID = 8F620ACD1CDCA86900D28A94;
					};
					8F620AF11CDCA86A00D28A94 = {
						CreatedOnToolsVersion = 7.3.1;
						DevelopmentTeam = 9KBNV59EQ4;
						TestTargetID = 8F620ACD1CDCA86900D28A94;
					};
				};
			};
			buildConfigurationList = 8F620AC91CDCA86900D28A94 /* Build configuration list for PBXProject "ZWTopSelectVcView" */;
			compatibilityVersion = "Xcode 3.2";
			developmentRegion = English;
			hasScannedForEncodings = 0;
			knownRegions = (
				en,
				Base,
			);
			mainGroup = 8F620AC51CDCA86900D28A94;
			productRefGroup = 8F620ACF1CDCA86900D28A94 /* Products */;
			projectDirPath = "";
			projectRoot = "";
			targets = (
				8F620ACD1CDCA86900D28A94 /* ZWTopSelectVcView */,
				8F620AE61CDCA86A00D28A94 /* ZWTopSelectVcViewTests */,
				8F620AF11CDCA86A00D28A94 /* ZWTopSelectVcViewUITests */,
			);
		};
/* End PBXProject section */

/* Begin PBXResourcesBuildPhase section */
		8F620ACC1CDCA86900D28A94 /* Resources */ = {
			isa = PBXResourcesBuildPhase;
			buildActionMask = 2147483647;
			files = (
				8F0ACA841CE06F9700CE858B /* q.png in Resources */,
				8F620ADE1CDCA86900D28A94 /* Assets.xcassets in Resources */,
				8F620B051CDCA88600D28A94 /* navback@2x.png in Resources */,
			);
			runOnlyForDeploymentPostprocessing = 0;
		};
		8F620AE51CDCA86A00D28A94 /* Resources */ = {
			isa = PBXResourcesBuildPhase;
			buildActionMask = 2147483647;
			files = (
			);
			runOnlyForDeploymentPostprocessing = 0;
		};
		8F620AF01CDCA86A00D28A94 /* Resources */ = {
			isa = PBXResourcesBuildPhase;
			buildActionMask = 2147483647;
			files = (
			);
			runOnlyForDeploymentPostprocessing = 0;
		};
/* End PBXResourcesBuildPhase section */

/* Begin PBXSourcesBuildPhase section */
		8F620ACA1CDCA86900D28A94 /* Sources */ = {
			isa = PBXSourcesBuildPhase;
			buildActionMask = 2147483647;
			files = (
				8F620B141CDCA8B100D28A94 /* TwoTableViewController.m in Sources */,
				8F620B121CDCA8B100D28A94 /* OneTableViewController.m in Sources */,
				8F620B1C1CDCA8F700D28A94 /* ZWTopSelectVcView.m in Sources */,
				8F620B151CDCA8B100D28A94 /* FourViewController.m in Sources */,
				8F620B131CDCA8B100D28A94 /* ThreeTableViewController.m in Sources */,
				8F620AD61CDCA86900D28A94 /* AppDelegate.m in Sources */,
				8F620B111CDCA8B100D28A94 /* FristNavigationController.m in Sources */,
				8F620B201CDCA92F00D28A94 /* ExampleViewController.m in Sources */,
				8F620B1B1CDCA8F700D28A94 /* ZWTopSelectButton.m in Sources */,
				8F620AD31CDCA86900D28A94 /* main.m in Sources */,
			);
			runOnlyForDeploymentPostprocessing = 0;
		};
		8F620AE31CDCA86A00D28A94 /* Sources */ = {
			isa = PBXSourcesBuildPhase;
			buildActionMask = 2147483647;
			files = (
				8F620AEC1CDCA86A00D28A94 /* ZWTopSelectVcViewTests.m in Sources */,
			);
			runOnlyForDeploymentPostprocessing = 0;
		};
		8F620AEE1CDCA86A00D28A94 /* Sources */ = {
			isa = PBXSourcesBuildPhase;
			buildActionMask = 2147483647;
			files = (
				8F620AF71CDCA86A00D28A94 /* ZWTopSelectVcViewUITests.m in Sources */,
			);
			runOnlyForDeploymentPostprocessing = 0;
		};
/* End PBXSourcesBuildPhase section */

/* Begin PBXTargetDependency section */
		8F620AE91CDCA86A00D28A94 /* PBXTargetDependency */ = {
			isa = PBXTargetDependency;
			target = 8F620ACD1CDCA86900D28A94 /* ZWTopSelectVcView */;
			targetProxy = 8F620AE81CDCA86A00D28A94 /* PBXContainerItemProxy */;
		};
		8F620AF41CDCA86A00D28A94 /* PBXTargetDependency */ = {
			isa = PBXTargetDependency;
			target = 8F620ACD1CDCA86900D28A94 /* ZWTopSelectVcView */;
			targetProxy = 8F620AF31CDCA86A00D28A94 /* PBXContainerItemProxy */;
		};
/* End PBXTargetDependency section */

/* Begin XCBuildConfiguration section */
		8F620AF91CDCA86A00D28A94 /* Debug */ = {
			isa = XCBuildConfiguration;
			buildSettings = {
				ALWAYS_SEARCH_USER_PATHS = NO;
				CLANG_ANALYZER_NONNULL = YES;
				CLANG_CXX_LANGUAGE_STANDARD = "gnu++0x";
				CLANG_CXX_LIBRARY = "libc++";
				CLANG_ENABLE_MODULES = YES;
				CLANG_ENABLE_OBJC_ARC = YES;
				CLANG_WARN_BOOL_CONVERSION = YES;
				CLANG_WARN_CONSTANT_CONVERSION = YES;
				CLANG_WARN_DIRECT_OBJC_ISA_USAGE = YES_ERROR;
				CLANG_WARN_EMPTY_BODY = YES;
				CLANG_WARN_ENUM_CONVERSION = YES;
				CLANG_WARN_INT_CONVERSION = YES;
				CLANG_WARN_OBJC_ROOT_CLASS = YES_ERROR;
				CLANG_WARN_UNREACHABLE_CODE = YES;
				CLANG_WARN__DUPLICATE_METHOD_MATCH = YES;
				"CODE_SIGN_IDENTITY[sdk=iphoneos*]" = "iPhone Developer";
				COPY_PHASE_STRIP = NO;
				DEBUG_INFORMATION_FORMAT = dwarf;
				ENABLE_STRICT_OBJC_MSGSEND = YES;
				ENABLE_TESTABILITY = YES;
				GCC_C_LANGUAGE_STANDARD = gnu99;
				GCC_DYNAMIC_NO_PIC = NO;
				GCC_NO_COMMON_BLOCKS = YES;
				GCC_OPTIMIZATION_LEVEL = 0;
				GCC_PREPROCESSOR_DEFINITIONS = (
					"DEBUG=1",
					"$(inherited)",
				);
				GCC_WARN_64_TO_32_BIT_CONVERSION = YES;
				GCC_WARN_ABOUT_RETURN_TYPE = YES_ERROR;
				GCC_WARN_UNDECLARED_SELECTOR = YES;
				GCC_WARN_UNINITIALIZED_AUTOS = YES_AGGRESSIVE;
				GCC_WARN_UNUSED_FUNCTION = YES;
				GCC_WARN_UNUSED_VARIABLE = YES;
				IPHONEOS_DEPLOYMENT_TARGET = 9.3;
				MTL_ENABLE_DEBUG_INFO = YES;
				ONLY_ACTIVE_ARCH = YES;
				SDKROOT = iphoneos;
			};
			name = Debug;
		};
		8F620AFA1CDCA86A00D28A94 /* Release */ = {
			isa = XCBuildConfiguration;
			buildSettings = {
				ALWAYS_SEARCH_USER_PATHS = NO;
				CLANG_ANALYZER_NONNULL = YES;
				CLANG_CXX_LANGUAGE_STANDARD = "gnu++0x";
				CLANG_CXX_LIBRARY = "libc++";
				CLANG_ENABLE_MODULES = YES;
				CLANG_ENABLE_OBJC_ARC = YES;
				CLANG_WARN_BOOL_CONVERSION = YES;
				CLANG_WARN_CONSTANT_CONVERSION = YES;
				CLANG_WARN_DIRECT_OBJC_ISA_USAGE = YES_ERROR;
				CLANG_WARN_EMPTY_BODY = YES;
				CLANG_WARN_ENUM_CONVERSION = YES;
				CLANG_WARN_INT_CONVERSION = YES;
				CLANG_WARN_OBJC_ROOT_CLASS = YES_ERROR;
				CLANG_WARN_UNREACHABLE_CODE = YES;
				CLANG_WARN__DUPLICATE_METHOD_MATCH = YES;
				"CODE_SIGN_IDENTITY[sdk=iphoneos*]" = "iPhone Developer";
				COPY_PHASE_STRIP = NO;
				DEBUG_INFORMATION_FORMAT = "dwarf-with-dsym";
				ENABLE_NS_ASSERTIONS = NO;
				ENABLE_STRICT_OBJC_MSGSEND = YES;
				GCC_C_LANGUAGE_STANDARD = gnu99;
				GCC_NO_COMMON_BLOCKS = YES;
				GCC_WARN_64_TO_32_BIT_CONVERSION = YES;
				GCC_WARN_ABOUT_RETURN_TYPE = YES_ERROR;
				GCC_WARN_UNDECLARED_SELECTOR = YES;
				GCC_WARN_UNINITIALIZED_AUTOS = YES_AGGRESSIVE;
				GCC_WARN_UNUSED_FUNCTION = YES;
				GCC_WARN_UNUSED_VARIABLE = YES;
				IPHONEOS_DEPLOYMENT_TARGET = 9.3;
				MTL_ENABLE_DEBUG_INFO = NO;
				SDKROOT = iphoneos;
				VALIDATE_PRODUCT = YES;
			};
			name = Release;
		};
		8F620AFC1CDCA86A00D28A94 /* Debug */ = {
			isa = XCBuildConfiguration;
			buildSettings = {
				ASSETCATALOG_COMPILER_APPICON_NAME = AppIcon;
				INFOPLIST_FILE = ZWTopSelectVcView/Info.plist;
				LD_RUNPATH_SEARCH_PATHS = "$(inherited) @executable_path/Frameworks";
				PRODUCT_BUNDLE_IDENTIFIER = com.base.ZWTopSelectVcView;
				PRODUCT_NAME = "$(TARGET_NAME)";
			};
			name = Debug;
		};
		8F620AFD1CDCA86A00D28A94 /* Release */ = {
			isa = XCBuildConfiguration;
			buildSettings = {
				ASSETCATALOG_COMPILER_APPICON_NAME = AppIcon;
				INFOPLIST_FILE = ZWTopSelectVcView/Info.plist;
				LD_RUNPATH_SEARCH_PATHS = "$(inherited) @executable_path/Frameworks";
				PRODUCT_BUNDLE_IDENTIFIER = com.base.ZWTopSelectVcView;
				PRODUCT_NAME = "$(TARGET_NAME)";
			};
			name = Release;
		};
		8F620AFF1CDCA86A00D28A94 /* Debug */ = {
			isa = XCBuildConfiguration;
			buildSettings = {
				BUNDLE_LOADER = "$(TEST_HOST)";
				INFOPLIST_FILE = ZWTopSelectVcViewTests/Info.plist;
				LD_RUNPATH_SEARCH_PATHS = "$(inherited) @executable_path/Frameworks @loader_path/Frameworks";
				PRODUCT_BUNDLE_IDENTIFIER = com.base.ZWTopSelectVcViewTests;
				PRODUCT_NAME = "$(TARGET_NAME)";
				TEST_HOST = "$(BUILT_PRODUCTS_DIR)/ZWTopSelectVcView.app/ZWTopSelectVcView";
			};
			name = Debug;
		};
		8F620B001CDCA86A00D28A94 /* Release */ = {
			isa = XCBuildConfiguration;
			buildSettings = {
				BUNDLE_LOADER = "$(TEST_HOST)";
				INFOPLIST_FILE = ZWTopSelectVcViewTests/Info.plist;
				LD_RUNPATH_SEARCH_PATHS = "$(inherited) @executable_path/Frameworks @loader_path/Frameworks";
				PRODUCT_BUNDLE_IDENTIFIER = com.base.ZWTopSelectVcViewTests;
				PRODUCT_NAME = "$(TARGET_NAME)";
				TEST_HOST = "$(BUILT_PRODUCTS_DIR)/ZWTopSelectVcView.app/ZWTopSelectVcView";
			};
			name = Release;
		};
		8F620B021CDCA86A00D28A94 /* Debug */ = {
			isa = XCBuildConfiguration;
			buildSettings = {
				INFOPLIST_FILE = ZWTopSelectVcViewUITests/Info.plist;
				LD_RUNPATH_SEARCH_PATHS = "$(inherited) @executable_path/Frameworks @loader_path/Frameworks";
				PRODUCT_BUNDLE_IDENTIFIER = com.base.ZWTopSelectVcViewUITests;
				PRODUCT_NAME = "$(TARGET_NAME)";
				TEST_TARGET_NAME = ZWTopSelectVcView;
			};
			name = Debug;
		};
		8F620B031CDCA86A00D28A94 /* Release */ = {
			isa = XCBuildConfiguration;
			buildSettings = {
				INFOPLIST_FILE = ZWTopSelectVcViewUITests/Info.plist;
				LD_RUNPATH_SEARCH_PATHS = "$(inherited) @executable_path/Frameworks @loader_path/Frameworks";
				PRODUCT_BUNDLE_IDENTIFIER = com.base.ZWTopSelectVcViewUITests;
				PRODUCT_NAME = "$(TARGET_NAME)";
				TEST_TARGET_NAME = ZWTopSelectVcView;
			};
			name = Release;
		};
/* End XCBuildConfiguration section */

/* Begin XCConfigurationList section */
		8F620AC91CDCA86900D28A94 /* Build configuration list for PBXProject "ZWTopSelectVcView" */ = {
			isa = XCConfigurationList;
			buildConfigurations = (
				8F620AF91CDCA86A00D28A94 /* Debug */,
				8F620AFA1CDCA86A00D28A94 /* Release */,
			);
			defaultConfigurationIsVisible = 0;
			defaultConfigurationName = Release;
		};
		8F620AFB1CDCA86A00D28A94 /* Build configuration list for PBXNativeTarget "ZWTopSelectVcView" */ = {
			isa = XCConfigurationList;
			buildConfigurations = (
				8F620AFC1CDCA86A00D28A94 /* Debug */,
				8F620AFD1CDCA86A00D28A94 /* Release */,
			);
			defaultConfigurationIsVisible = 0;
			defaultConfigurationName = Release;
		};
		8F620AFE1CDCA86A00D28A94 /* Build configuration list for PBXNativeTarget "ZWTopSelectVcViewTests" */ = {
			isa = XCConfigurationList;
			buildConfigurations = (
				8F620AFF1CDCA86A00D28A94 /* Debug */,
				8F620B001CDCA86A00D28A94 /* Release */,
			);
			defaultConfigurationIsVisible = 0;
			defaultConfigurationName = Release;
		};
		8F620B011CDCA86A00D28A94 /* Build configuration list for PBXNativeTarget "ZWTopSelectVcViewUITests" */ = {
			isa = XCConfigurationList;
			buildConfigurations = (
				8F620B021CDCA86A00D28A94 /* Debug */,
				8F620B031CDCA86A00D28A94 /* Release */,
			);
			defaultConfigurationIsVisible = 0;
			defaultConfigurationName = Release;
		};
/* End XCConfigurationList section */
	};
	rootObject = 8F620AC61CDCA86900D28A94 /* Project object */;
}
